{
  "version": 1,
  "task": {
    "mode": "final_exam",
    "name": "数据挖掘",
    "category": "science",
    "task_dir": "demo/数据挖掘"
  },
  "templates": {
    "review_frame": "final-three-files-v1",
    "subject_preset": "science-v1",
    "question_pattern": "calculation-answer-v1"
  },
  "inputs": {
    "manifest": "source_manifest.json",
    "outline_required": true,
    "question_types_required": true
  },
  "outputs": [
    "知识点.md",
    "思维导图.md",
    "题目.md",
    "答案.md"
  ],
  "rules": {
    "full_pipeline_required": true,
    "minimum_questions_per_point": 3,
    "question_mode": "atomic_training",
    "difficulty_ratio": {
      "basic": 0.4,
      "medium": 0.4,
      "advanced": 0.2
    },
    "stable_ids": true,
    "source_attribution": true,
    "update_mode": "incremental_with_reorganize"
  },
  "status": "confirmed_from_user_provided_outline",
  "scope_control": {
    "course": "数据挖掘",
    "primary_sources": ["SRC-002"],
    "supporting_sources": ["SRC-001"],
    "excluded_sources": ["数据采集与预处理期末复习要点及题型分布 PDF"]
  },
  "exam_blueprint": {
    "question_counts": {
      "single_choice": 20,
      "judgment": 20,
      "fill_blank": 10,
      "short_answer": 4,
      "calculation": 2
    },
    "total_score": 100,
    "coverage_minimum_per_point": 1
  }
}
